
Microsoft Visual Studio Solution File, Format Version 12.00
# Visual Studio Version 16
VisualStudioVersion = 16.0.30225.117
MinimumVisualStudioVersion = 10.0.40219.1
Project("{9A19103F-16F7-4668-BE54-9A1E7A4F7556}") = "Book_Shop", "Book_Shop\Book_Shop.csproj", "{28DAB3B1-715B-4EB6-85C8-8A14BC4963C0}"
EndProject
Global
	GlobalSection(SolutionConfigurationPlatforms) = preSolution
		Debug|Any CPU = Debug|Any CPU
		Release|Any CPU = Release|Any CPU
	EndGlobalSection
	GlobalSection(ProjectConfigurationPlatforms) = postSolution
		{28DAB3B1-715B-4EB6-85C8-8A14BC4963C0}.Debug|Any CPU.ActiveCfg = Debug|Any CPU
		{28DAB3B1-715B-4EB6-85C8-8A14BC4963C0}.Debug|Any CPU.Build.0 = Debug|Any CPU
		{28DAB3B1-715B-4EB6-85C8-8A14BC4963C0}.Release|Any CPU.ActiveCfg = Release|Any CPU
		{28DAB3B1-715B-4EB6-85C8-8A14BC4963C0}.Release|Any CPU.Build.0 = Release|Any CPU
	EndGlobalSection
	GlobalSection(SolutionProperties) = preSolution
		HideSolutionNode = FALSE
	EndGlobalSection
	GlobalSection(ExtensibilityGlobals) = postSolution
		SolutionGuid = {63BCE570-6740-4325-BAB4-51E20A1E2456}
	EndGlobalSection
EndGlobal
